
Microsoft Visual Studio Solution File, Format Version 12.00
# Visual Studio Version 17
VisualStudioVersion = 17.4.33122.133
MinimumVisualStudioVersion = 10.0.40219.1
Project("{FAE04EC0-301F-11D3-BF4B-00C04F79EFBC}") = "Akd2gProductionMode", "Akd2gProductionMode\Akd2gProductionMode.csproj", "{506446AA-DB40-4F00-B6DB-8C90A3D74D3C}"
EndProject
Global
	GlobalSection(SolutionConfigurationPlatforms) = preSolution
		Debug|Any CPU = Debug|Any CPU
		Release|Any CPU = Release|Any CPU
	EndGlobalSection
	GlobalSection(ProjectConfigurationPlatforms) = postSolution
		{506446AA-DB40-4F00-B6DB-8C90A3D74D3C}.Debug|Any CPU.ActiveCfg = Debug|Any CPU
		{506446AA-DB40-4F00-B6DB-8C90A3D74D3C}.Debug|Any CPU.Build.0 = Debug|Any CPU
		{506446AA-DB40-4F00-B6DB-8C90A3D74D3C}.Release|Any CPU.ActiveCfg = Release|Any CPU
		{506446AA-DB40-4F00-B6DB-8C90A3D74D3C}.Release|Any CPU.Build.0 = Release|Any CPU
	EndGlobalSection
	GlobalSection(SolutionProperties) = preSolution
		HideSolutionNode = FALSE
	EndGlobalSection
	GlobalSection(ExtensibilityGlobals) = postSolution
		SolutionGuid = {98D0E6F2-CD92-440D-A72C-FCD6041F9EF8}
	EndGlobalSection
EndGlobal
